
Microsoft Visual Studio Solution File, Format Version 12.00
# Visual Studio Version 16
VisualStudioVersion = 16.0.30104.148
MinimumVisualStudioVersion = 10.0.40219.1
Project("{FAE04EC0-301F-11D3-BF4B-00C04F79EFBC}") = "SalesManager", "SalesManager\SalesManager.csproj", "{8FBFFC66-78FA-4D8A-B5B6-734ABB3AED68}"
EndProject
Global
	GlobalSection(SolutionConfigurationPlatforms) = preSolution
		Debug|Any CPU = Debug|Any CPU
		Release|Any CPU = Release|Any CPU
	EndGlobalSection
	GlobalSection(ProjectConfigurationPlatforms) = postSolution
		{8FBFFC66-78FA-4D8A-B5B6-734ABB3AED68}.Debug|Any CPU.ActiveCfg = Debug|Any CPU
		{8FBFFC66-78FA-4D8A-B5B6-734ABB3AED68}.Debug|Any CPU.Build.0 = Debug|Any CPU
		{8FBFFC66-78FA-4D8A-B5B6-734ABB3AED68}.Release|Any CPU.ActiveCfg = Release|Any CPU
		{8FBFFC66-78FA-4D8A-B5B6-734ABB3AED68}.Release|Any CPU.Build.0 = Release|Any CPU
	EndGlobalSection
	GlobalSection(SolutionProperties) = preSolution
		HideSolutionNode = FALSE
	EndGlobalSection
	GlobalSection(ExtensibilityGlobals) = postSolution
		SolutionGuid = {70F19F37-B463-4F84-9DDA-FA8B968B1DED}
	EndGlobalSection
EndGlobal
